{
    "_meta": {
        "hash": {
            "sha256": "0588564fa8b88e1179ac039ff2fcc853177a88e5fc0bc9e39fe6f8a869d0afcb"
        },
        "pipfile-spec": 6,
        "requires": {
            "python_version": "3.9"
        },
        "sources": [
            {
                "name": "pypi",
                "url": "https://pypi.org/simple",
                "verify_ssl": true
            }
        ]
    },
    "default": {
        "certifi": {
            "hashes": [
                "sha256:9c5705e395cd70084351dd8ad5c41e65655e08ce46f2ec9cf6c2c08390f71eb7",
                "sha256:f1d53542ee8cbedbe2118b5686372fb33c297fcd6379b050cca0ef13a597382a"
            ],
            "markers": "python_version >= '3.6'",
            "version": "==2022.5.18.1"
        },
        "cffi": {
            "hashes": [
                "sha256:00c878c90cb53ccfaae6b8bc18ad05d2036553e6d9d1d9dbcf323bbe83854ca3",
                "sha256:0104fb5ae2391d46a4cb082abdd5c69ea4eab79d8d44eaaf79f1b1fd806ee4c2",
                "sha256:06c48159c1abed75c2e721b1715c379fa3200c7784271b3c46df01383b593636",
                "sha256:0808014eb713677ec1292301ea4c81ad277b6cdf2fdd90fd540af98c0b101d20",
                "sha256:10dffb601ccfb65262a27233ac273d552ddc4d8ae1bf93b21c94b8511bffe728",
                "sha256:14cd121ea63ecdae71efa69c15c5543a4b5fbcd0bbe2aad864baca0063cecf27",
                "sha256:17771976e82e9f94976180f76468546834d22a7cc404b17c22df2a2c81db0c66",
                "sha256:181dee03b1170ff1969489acf1c26533710231c58f95534e3edac87fff06c443",
                "sha256:23cfe892bd5dd8941608f93348c0737e369e51c100d03718f108bf1add7bd6d0",
                "sha256:263cc3d821c4ab2213cbe8cd8b355a7f72a8324577dc865ef98487c1aeee2bc7",
                "sha256:2756c88cbb94231c7a147402476be2c4df2f6078099a6f4a480d239a8817ae39",
                "sha256:27c219baf94952ae9d50ec19651a687b826792055353d07648a5695413e0c605",
                "sha256:2a23af14f408d53d5e6cd4e3d9a24ff9e05906ad574822a10563efcef137979a",
                "sha256:31fb708d9d7c3f49a60f04cf5b119aeefe5644daba1cd2a0fe389b674fd1de37",
                "sha256:3415c89f9204ee60cd09b235810be700e993e343a408693e80ce7f6a40108029",
                "sha256:3773c4d81e6e818df2efbc7dd77325ca0dcb688116050fb2b3011218eda36139",
                "sha256:3b96a311ac60a3f6be21d2572e46ce67f09abcf4d09344c49274eb9e0bf345fc",
                "sha256:3f7d084648d77af029acb79a0ff49a0ad7e9d09057a9bf46596dac9514dc07df",
                "sha256:41d45de54cd277a7878919867c0f08b0cf817605e4eb94093e7516505d3c8d14",
                "sha256:4238e6dab5d6a8ba812de994bbb0a79bddbdf80994e4ce802b6f6f3142fcc880",
                "sha256:45db3a33139e9c8f7c09234b5784a5e33d31fd6907800b316decad50af323ff2",
                "sha256:45e8636704eacc432a206ac7345a5d3d2c62d95a507ec70d62f23cd91770482a",
                "sha256:4958391dbd6249d7ad855b9ca88fae690783a6be9e86df65865058ed81fc860e",
                "sha256:4a306fa632e8f0928956a41fa8e1d6243c71e7eb59ffbd165fc0b41e316b2474",
                "sha256:57e9ac9ccc3101fac9d6014fba037473e4358ef4e89f8e181f8951a2c0162024",
                "sha256:59888172256cac5629e60e72e86598027aca6bf01fa2465bdb676d37636573e8",
                "sha256:5e069f72d497312b24fcc02073d70cb989045d1c91cbd53979366077959933e0",
                "sha256:64d4ec9f448dfe041705426000cc13e34e6e5bb13736e9fd62e34a0b0c41566e",
                "sha256:6dc2737a3674b3e344847c8686cf29e500584ccad76204efea14f451d4cc669a",
                "sha256:74fdfdbfdc48d3f47148976f49fab3251e550a8720bebc99bf1483f5bfb5db3e",
                "sha256:75e4024375654472cc27e91cbe9eaa08567f7fbdf822638be2814ce059f58032",
                "sha256:786902fb9ba7433aae840e0ed609f45c7bcd4e225ebb9c753aa39725bb3e6ad6",
                "sha256:8b6c2ea03845c9f501ed1313e78de148cd3f6cad741a75d43a29b43da27f2e1e",
                "sha256:91d77d2a782be4274da750752bb1650a97bfd8f291022b379bb8e01c66b4e96b",
                "sha256:91ec59c33514b7c7559a6acda53bbfe1b283949c34fe7440bcf917f96ac0723e",
                "sha256:920f0d66a896c2d99f0adbb391f990a84091179542c205fa53ce5787aff87954",
                "sha256:a5263e363c27b653a90078143adb3d076c1a748ec9ecc78ea2fb916f9b861962",
                "sha256:abb9a20a72ac4e0fdb50dae135ba5e77880518e742077ced47eb1499e29a443c",
                "sha256:c2051981a968d7de9dd2d7b87bcb9c939c74a34626a6e2f8181455dd49ed69e4",
                "sha256:c21c9e3896c23007803a875460fb786118f0cdd4434359577ea25eb556e34c55",
                "sha256:c2502a1a03b6312837279c8c1bd3ebedf6c12c4228ddbad40912d671ccc8a962",
                "sha256:d4d692a89c5cf08a8557fdeb329b82e7bf609aadfaed6c0d79f5a449a3c7c023",
                "sha256:da5db4e883f1ce37f55c667e5c0de439df76ac4cb55964655906306918e7363c",
                "sha256:e7022a66d9b55e93e1a845d8c9eba2a1bebd4966cd8bfc25d9cd07d515b33fa6",
                "sha256:ef1f279350da2c586a69d32fc8733092fd32cc8ac95139a00377841f59a3f8d8",
                "sha256:f54a64f8b0c8ff0b64d18aa76675262e1700f3995182267998c31ae974fbc382",
                "sha256:f5c7150ad32ba43a07c4479f40241756145a1f03b43480e058cfd862bf5041c7",
                "sha256:f6f824dc3bce0edab5f427efcfb1d63ee75b6fcb7282900ccaf925be84efb0fc",
                "sha256:fd8a250edc26254fe5b33be00402e6d287f562b6a5b2152dec302fa15bb3e997",
                "sha256:ffaa5c925128e29efbde7301d8ecaf35c8c60ffbcd6a1ffd3a552177c8e5e796"
            ],
            "version": "==1.15.0"
        },
        "charset-normalizer": {
            "hashes": [
                "sha256:2857e29ff0d34db842cd7ca3230549d1a697f96ee6d3fb071cfa6c7393832597",
                "sha256:6881edbebdb17b39b4eaaa821b438bf6eddffb4468cf344f09f89def34a8b1df"
            ],
            "markers": "python_version >= '3'",
            "version": "==2.0.12"
        },
        "cryptography": {
            "hashes": [
                "sha256:093cb351031656d3ee2f4fa1be579a8c69c754cf874206be1d4cf3b542042804",
                "sha256:0cc20f655157d4cfc7bada909dc5cc228211b075ba8407c46467f63597c78178",
                "sha256:1b9362d34363f2c71b7853f6251219298124aa4cc2075ae2932e64c91a3e2717",
                "sha256:1f3bfbd611db5cb58ca82f3deb35e83af34bb8cf06043fa61500157d50a70982",
                "sha256:2bd1096476aaac820426239ab534b636c77d71af66c547b9ddcd76eb9c79e004",
                "sha256:31fe38d14d2e5f787e0aecef831457da6cec68e0bb09a35835b0b44ae8b988fe",
                "sha256:3b8398b3d0efc420e777c40c16764d6870bcef2eb383df9c6dbb9ffe12c64452",
                "sha256:3c81599befb4d4f3d7648ed3217e00d21a9341a9a688ecdd615ff72ffbed7336",
                "sha256:419c57d7b63f5ec38b1199a9521d77d7d1754eb97827bbb773162073ccd8c8d4",
                "sha256:46f4c544f6557a2fefa7ac8ac7d1b17bf9b647bd20b16decc8fbcab7117fbc15",
                "sha256:471e0d70201c069f74c837983189949aa0d24bb2d751b57e26e3761f2f782b8d",
                "sha256:59b281eab51e1b6b6afa525af2bd93c16d49358404f814fe2c2410058623928c",
                "sha256:731c8abd27693323b348518ed0e0705713a36d79fdbd969ad968fbef0979a7e0",
                "sha256:95e590dd70642eb2079d280420a888190aa040ad20f19ec8c6e097e38aa29e06",
                "sha256:a68254dd88021f24a68b613d8c51d5c5e74d735878b9e32cc0adf19d1f10aaf9",
                "sha256:a7d5137e556cc0ea418dca6186deabe9129cee318618eb1ffecbd35bee55ddc1",
                "sha256:aeaba7b5e756ea52c8861c133c596afe93dd716cbcacae23b80bc238202dc023",
                "sha256:dc26bb134452081859aa21d4990474ddb7e863aa39e60d1592800a8865a702de",
                "sha256:e53258e69874a306fcecb88b7534d61820db8a98655662a3dd2ec7f1afd9132f",
                "sha256:ef15c2df7656763b4ff20a9bc4381d8352e6640cfeb95c2972c38ef508e75181",
                "sha256:f224ad253cc9cea7568f49077007d2263efa57396a2f2f78114066fd54b5c68e",
                "sha256:f8ec91983e638a9bcd75b39f1396e5c0dc2330cbd9ce4accefe68717e6779e0a"
            ],
            "markers": "python_version >= '3.6'",
            "version": "==37.0.2"
        },
        "gmpy2": {
            "hashes": [
                "sha256:0e65e3b6b8b9e863fa241ce940fd5956424e28a9ca1c7fd38095eb0a537fe264",
                "sha256:0f232eccaac944cc5455bf8a697ea9e0e19ee44232c3846fab939690a094c68a",
                "sha256:10b2ead5a92c668adc73f4e6546c9e015b7d6c639b2ecd27e66f59be9b761558",
                "sha256:1ee845ad9e82d1fcec8db7ef6742aad233424445833f9ce704566bad4e881f97",
                "sha256:1ffe89f864a5589eae631e8109042bcaa3e3d7ecb183e00e36752f852e4e9bcd",
                "sha256:2ec49a0a84152c477224329dc8625eaf0da32c240282132c944562c27b25d911",
                "sha256:39c6cda6ab500e546e9aa3ce314bbefac7f451f91ceb5c5597e03dec2e9f4465",
                "sha256:41e1bc650c83a29df491dabc07098b741f3805d0d3f70ae1111a00b43d4c66ae",
                "sha256:4ab13dc9e996bba5473bf5bee38d346d8e217aa670eaace63209706cc7e72e7b",
                "sha256:55340c6d9bc1350ab6a98688dd976a5d74f5c12516f62fddfd4a81ca48ba9518",
                "sha256:5a6eedfaf46977d3539dfacf3a77803773b62f1eb369d008fc0089f4735f3311",
                "sha256:5c1c03894a41baaf5f2cb206c1ee62056d7043a1fbe0e5e77ab2516486b837af",
                "sha256:639d64bf45d3d70b09fb4d95e23b02652e3e6f21c1a4612cb9222ccd38b71271",
                "sha256:667e61cddda2701300ee5dfec15679fca2497ac214a57ece6f3fd6eb21603b28",
                "sha256:671bc89682d580717cee49eea1df5b5912f2e122573e45e8a0048ad46dcbc92c",
                "sha256:690b1001ba66c56046a62815601d819a598f52540b234da3e8d546f276cd2800",
                "sha256:6df28c0229816d52cce24c19f3a982f31882046a334c381c0c128210566090a8",
                "sha256:6f2706fe8210fd30170658fa8f5a90f59475ce907233424155062528f66a33e3",
                "sha256:7c16fa382244c7de1de1865b00e632f73dea855742e2711ee75315ec98124016",
                "sha256:81af20a51532e12ea10ae35db01cb47895d3cd4bb1f46da8b0aeec569aa4a5b0",
                "sha256:8452634fa3b17df346bd212238b95ec2c020efe5389ad0a6bda28426f1b85398",
                "sha256:94467a34e6cc0a6f162b7b67b1649402f0f10c83e6f680709cf2d740d0eba693",
                "sha256:9af3f30094902e16a67de7fd0dc7dcb373bd09bdbaaddf63c3899d79a0d32cdd",
                "sha256:b8e91f51b523432ed760404b165b389d56e4463f5d4bfcc33bbc3599ed400639",
                "sha256:bb198580de38dc911011346f77392e9b1765d3d86e01c140600d742c1611d2e9",
                "sha256:c2f164c765aacd25fcb1f0937ea1dc3972bda70d8cf583cd2f76c3a96afc70af",
                "sha256:cbff663a2352c52d729e13df51333a0febf9b35eccc0c8fd13593e8e727b9f13",
                "sha256:d3a2803efa2afba2a348ed8967e5c7f91f21fb9fa8aea939de805aac49ee5b99",
                "sha256:d6a1830431f1a387e7e36775017796c3b017e05785029a1ed59c35875754819b",
                "sha256:d821d4bf70674e0e8d789bf8521f1c913e75edf60edfe543a21e8c196065f384",
                "sha256:d9b0f948bc99c6490b2716f4e7197006dd9984c85447365b0c0b08be65f8e27d",
                "sha256:da75140bca128ece795895477e53b43773e3748aa90ba6170eae7ca2c74b82d1",
                "sha256:dab805d5c44c506f3cafb3e5b97a5af03609b78e2e148ebf8d3d8f57b3246964",
                "sha256:dbc699ffc3a02a77d39a799af4516b66df22d4b7b8bfc05dc2123a81ab5b7b17",
                "sha256:e77560d314932b0c5a11ec7f230f69e007853f1318e6ced1d74e9b51d3870a4f",
                "sha256:fdeb0ebc314a326137908c8d51c4b0091aae84ceb4c35836d7d29bcfedf70856"
            ],
            "index": "pypi",
            "version": "==2.1.2"
        },
        "idna": {
            "hashes": [
                "sha256:84d9dd047ffa80596e0f246e2eab0b391788b0503584e8945f2368256d2735ff",
                "sha256:9d643ff0a55b762d5cdb124b8eaa99c66322e2157b69160bc32796e824360e6d"
            ],
            "markers": "python_version >= '3'",
            "version": "==3.3"
        },
        "nassl": {
            "hashes": [
                "sha256:2198ef0238490f52f0859681b9b4a6f63cd19bda54c45102d51aa3f083413670",
                "sha256:23f6cfad7c2164f8e35d036e2e51f4080c224a27ba0b0960b5e8d8b202d2a7ab",
                "sha256:2e91a2fbb6f276986ae5bcbfaf0c3c188019c37e4fe25eec6d34309819438005",
                "sha256:3709237d196b365d488dfedd55844dfdd6f36597681fc50d6d9bb01a5f71a433",
                "sha256:49c79b933b7723db6c24ff8b4cf3efc9c045e3e57a082371b98e8834e59519bd",
                "sha256:50a52d213dbb5d4202e8e8caa90931affb3fd418ea77b6fd75688608c0006fc0",
                "sha256:5486f26c7eab0b7e6b28763a3277da9e82f193bb4b11f9882b25f1f394f65d9f",
                "sha256:5e1c27d1ed2bd23d267bcbce6943eab621529e0aff7098cf784054ad9bdfcac3",
                "sha256:68055f147b4e7d78328fe456e7bae74b7b6aaf3512f2f9c3e8bfe4e6811ca5b5",
                "sha256:68e456267f603ead7e26d49f9c7c924a2720599df235c5ea215a0e2e7af4e34e",
                "sha256:6a576aa987f76cd7cc916880ac769ea236790c6bae1d4d59911085947ee81c4f",
                "sha256:889a43680064f7eae4fc16a27bdb4c549b1d9687777cf711549f0219215cfaff",
                "sha256:8a0e3bc2305adc9c30968e66f9af9f242b01fcdb24a6432e6d9b77cfa6eeff28",
                "sha256:9e7d183093f4d651a8114ce79251677dbf217aa86758f87d10fb85afe04687fc",
                "sha256:a2baa91289cc75c6fc199fee1b0ade3ee3ff0f8015e9ecd3e2ea3e4f4a004757",
                "sha256:a9abeeddbb616659622164c2e10a88f3e7f4fe1c55bf57a6cac17276fb98ef93",
                "sha256:a9af0b2c12a37efe1f42470f62e0cae2e31e66c3a056712787371d855a2df337",
                "sha256:b025f188e29c3b62b031a0f20d0ee4d4a7e9ca7ba219b886949e4f86e6884c71",
                "sha256:bd0473cf7b19e7eeaefbb71498f85bc4db66981d663bbb0ab0936712524e0aeb",
                "sha256:c7448082c6fb41f60cd19ea9f757de6cb2009be7eaf2c283e1c6ba782a51aa66",
                "sha256:c809ffbc2afa1e8c6d440485a6f09c47d8ec20bd7b11eed2bd629f1b5aca3c88",
                "sha256:d03df2d582e34dfe7c9f8fb715b01b4cd523b82b1acc90b7f13826d63da62c20",
                "sha256:dda9287faffad43154868a32e6976947ed6c2fdc166402f29365bf4f87018112",
                "sha256:e23aa9d076c7cc5c14936f3baca437841271ddd18c36dbcc75ba765b3f364bc3",
                "sha256:ed3438c6473ad4054b17569929ef60391ba7c7e8503c4135cc8c2ac6f658ad1c",
                "sha256:fde7746ae17b5e409ca6e7117eaac9466e3455d7e9af06ea68d8f1be1846aa47"
            ],
            "markers": "python_version >= '3.7'",
            "version": "==4.0.2"
        },
        "pip": {
            "hashes": [
                "sha256:6d55b27e10f506312894a87ccc59f280136bad9061719fac9101bdad5a6bce69",
                "sha256:a3edacb89022ef5258bf61852728bf866632a394da837ca49eb4303635835f17"
            ],
            "index": "pypi",
            "version": "==22.1.2"
        },
        "pycparser": {
            "hashes": [
                "sha256:8ee45429555515e1f6b185e78100aea234072576aa43ab53aefcae078162fca9",
                "sha256:e644fdec12f7872f86c58ff790da456218b10f863970249516d60a5eaca77206"
            ],
            "version": "==2.21"
        },
        "pydantic": {
            "hashes": [
                "sha256:02eefd7087268b711a3ff4db528e9916ac9aa18616da7bca69c1871d0b7a091f",
                "sha256:059b6c1795170809103a1538255883e1983e5b831faea6558ef873d4955b4a74",
                "sha256:0bf07cab5b279859c253d26a9194a8906e6f4a210063b84b433cf90a569de0c1",
                "sha256:1542636a39c4892c4f4fa6270696902acb186a9aaeac6f6cf92ce6ae2e88564b",
                "sha256:177071dfc0df6248fd22b43036f936cfe2508077a72af0933d0c1fa269b18537",
                "sha256:18f3e912f9ad1bdec27fb06b8198a2ccc32f201e24174cec1b3424dda605a310",
                "sha256:1dd8fecbad028cd89d04a46688d2fcc14423e8a196d5b0a5c65105664901f810",
                "sha256:1ed987c3ff29fff7fd8c3ea3a3ea877ad310aae2ef9889a119e22d3f2db0691a",
                "sha256:447d5521575f18e18240906beadc58551e97ec98142266e521c34968c76c8761",
                "sha256:494f7c8537f0c02b740c229af4cb47c0d39840b829ecdcfc93d91dcbb0779892",
                "sha256:4988c0f13c42bfa9ddd2fe2f569c9d54646ce84adc5de84228cfe83396f3bd58",
                "sha256:4ce9ae9e91f46c344bec3b03d6ee9612802682c1551aaf627ad24045ce090761",
                "sha256:5d93d4e95eacd313d2c765ebe40d49ca9dd2ed90e5b37d0d421c597af830c195",
                "sha256:61b6760b08b7c395975d893e0b814a11cf011ebb24f7d869e7118f5a339a82e1",
                "sha256:72ccb318bf0c9ab97fc04c10c37683d9eea952ed526707fabf9ac5ae59b701fd",
                "sha256:79b485767c13788ee314669008d01f9ef3bc05db9ea3298f6a50d3ef596a154b",
                "sha256:7eb57ba90929bac0b6cc2af2373893d80ac559adda6933e562dcfb375029acee",
                "sha256:8bc541a405423ce0e51c19f637050acdbdf8feca34150e0d17f675e72d119580",
                "sha256:969dd06110cb780da01336b281f53e2e7eb3a482831df441fb65dd30403f4608",
                "sha256:985ceb5d0a86fcaa61e45781e567a59baa0da292d5ed2e490d612d0de5796918",
                "sha256:9bcf8b6e011be08fb729d110f3e22e654a50f8a826b0575c7196616780683380",
                "sha256:9ce157d979f742a915b75f792dbd6aa63b8eccaf46a1005ba03aa8a986bde34a",
                "sha256:9f659a5ee95c8baa2436d392267988fd0f43eb774e5eb8739252e5a7e9cf07e0",
                "sha256:a4a88dcd6ff8fd47c18b3a3709a89adb39a6373f4482e04c1b765045c7e282fd",
                "sha256:a955260d47f03df08acf45689bd163ed9df82c0e0124beb4251b1290fa7ae728",
                "sha256:a9af62e9b5b9bc67b2a195ebc2c2662fdf498a822d62f902bf27cccb52dbbf49",
                "sha256:ae72f8098acb368d877b210ebe02ba12585e77bd0db78ac04a1ee9b9f5dd2166",
                "sha256:b83ba3825bc91dfa989d4eed76865e71aea3a6ca1388b59fc801ee04c4d8d0d6",
                "sha256:c11951b404e08b01b151222a1cb1a9f0a860a8153ce8334149ab9199cd198131",
                "sha256:c320c64dd876e45254bdd350f0179da737463eea41c43bacbee9d8c9d1021f11",
                "sha256:c8098a724c2784bf03e8070993f6d46aa2eeca031f8d8a048dff277703e6e193",
                "sha256:d12f96b5b64bec3f43c8e82b4aab7599d0157f11c798c9f9c528a72b9e0b339a",
                "sha256:e565a785233c2d03724c4dc55464559639b1ba9ecf091288dd47ad9c629433bd",
                "sha256:f0f047e11febe5c3198ed346b507e1d010330d56ad615a7e0a89fae604065a0e",
                "sha256:fe4670cb32ea98ffbf5a1262f14c3e102cccd92b1869df3bb09538158ba90fe6"
            ],
            "markers": "python_full_version >= '3.6.1'",
            "version": "==1.9.1"
        },
        "requests": {
            "hashes": [
                "sha256:68d7c56fd5a8999887728ef304a6d12edc7be74f1cfa47714fc8b414525c9a61",
                "sha256:f22fa1e554c9ddfd16e6e41ac79759e17be9e492b3587efa038054674760e72d"
            ],
            "index": "pypi",
            "version": "==2.27.1"
        },
        "setuptools": {
            "hashes": [
                "sha256:68e45d17c9281ba25dc0104eadd2647172b3472d9e01f911efa57965e8d51a36",
                "sha256:a43bdedf853c670e5fed28e5623403bad2f73cf02f9a2774e91def6bda8265a7"
            ],
            "index": "pypi",
            "version": "==62.3.2"
        },
        "sslyze": {
            "hashes": [
                "sha256:fea82ad88a030cc0978fb55f632849b3e858e03c5b97fd62459976953d3ef5d5"
            ],
            "index": "pypi",
            "version": "==5.0.5"
        },
        "tabulate": {
            "hashes": [
                "sha256:d7c013fe7abbc5e491394e10fa845f8f32fe54f8dc60c6622c6cf482d25d47e4",
                "sha256:eb1d13f25760052e8931f2ef80aaf6045a6cceb47514db8beab24cded16f13a7"
            ],
            "index": "pypi",
            "version": "==0.8.9"
        },
        "tls-parser": {
            "hashes": [
                "sha256:3beccf892b0b18f55f7a9a48e3defecd1abe4674001348104823ff42f4cbc06b"
            ],
            "markers": "python_version >= '3.7'",
            "version": "==2.0.0"
        },
        "tqdm": {
            "hashes": [
                "sha256:40be55d30e200777a307a7585aee69e4eabb46b4ec6a4b4a5f2d9f11e7d5408d",
                "sha256:74a2cdefe14d11442cedf3ba4e21a3b84ff9a2dbdc6cfae2c34addb2a14a5ea6"
            ],
            "index": "pypi",
            "version": "==4.64.0"
        },
        "typing-extensions": {
            "hashes": [
                "sha256:6657594ee297170d19f67d55c05852a874e7eb634f4f753dbd667855e07c1708",
                "sha256:f1c24655a0da0d1b67f07e17a5e6b2a105894e6824b92096378bb3668ef02376"
            ],
            "markers": "python_version >= '3.7'",
            "version": "==4.2.0"
        },
        "urllib3": {
            "hashes": [
                "sha256:44ece4d53fb1706f667c9bd1c648f5469a2ec925fcf3a776667042d645472c14",
                "sha256:aabaf16477806a5e1dd19aa41f8c2b7950dd3c746362d7e3223dbe6de6ac448e"
            ],
            "markers": "python_version >= '2.7' and python_version not in '3.0, 3.1, 3.2, 3.3, 3.4' and python_version < '4'",
            "version": "==1.26.9"
        }
    },
    "develop": {}
}
